{
  "name": "@netsujo/agent-role-contracts",
  "version": "0.2.0-alpha.3",
  "lockfileVersion": 3,
  "requires": true,
  "packages": {
    "": {
      "name": "@netsujo/agent-role-contracts",
      "version": "0.2.0-alpha.3",
      "license": "MIT",
      "bin": {
        "agent-role-contracts": "bin/agent-role-contracts.mjs"
      },
      "engines": {
        "node": ">=22.5"
      }
    }
  }
}
